{
  "name": "@microsoft/dynwinrt-codegen",
  "version": "0.1.0",
  "lockfileVersion": 3,
  "requires": true,
  "packages": {
    "": {
      "name": "@microsoft/dynwinrt-codegen",
      "version": "0.1.0",
      "license": "MIT",
      "os": [
        "win32"
      ],
      "bin": {
        "dynwinrt-codegen": "cli.js"
      }
    }
  }
}
