{
  "name": "dynwinrt-js-winui-tic-tac-toe-code-only-sample",
  "version": "1.0.0",
  "lockfileVersion": 3,
  "requires": true,
  "packages": {
    "": {
      "name": "dynwinrt-js-winui-tic-tac-toe-code-only-sample",
      "version": "1.0.0",
      "dependencies": {
        "@microsoft/dynwinrt": "file:../../../bindings/js"
      },
      "devDependencies": {
        "@types/node": "^24.13.3",
        "typescript": "^5.9.2"
      },
      "engines": {
        "node": ">=18.0.0"
      }
    },
    "../../../bindings/js": {
      "name": "@microsoft/dynwinrt",
      "version": "0.1.0",
      "license": "MIT",
      "devDependencies": {
        "@emnapi/core": "^1.5.0",
        "@emnapi/runtime": "^1.5.0",
        "@napi-rs/cli": "^3.2.0",
        "@napi-rs/wasm-runtime": "^1.0.4",
        "@oxc-node/core": "^0.0.35",
        "@taplo/cli": "^0.7.0",
        "@tybys/wasm-util": "^0.10.0",
        "@types/node": "^24.13.3",
        "ava": "^6.4.1",
        "c8": "12.0.0",
        "chalk": "^5.6.2",
        "emnapi": "^1.5.0",
        "husky": "^9.1.7",
        "lint-staged": "^16.1.6",
        "npm-run-all2": "^8.0.4",
        "oxlint": "^1.14.0",
        "prettier": "^3.6.2",
        "tinybench": "^6.0.0",
        "tsx": "^4.21.0",
        "typescript": "^5.9.2"
      },
      "engines": {
        "node": ">=18.0.0"
      }
    },
    "node_modules/@microsoft/dynwinrt": {
      "resolved": "../../../bindings/js",
      "link": true
    },
    "node_modules/@types/node": {
      "version": "24.13.3",
      "resolved": "https://ms-feed-2.pkgs.visualstudio.com/1es-public/_packaging/npm-public/npm/registry/@types/node/-/node-24.13.3.tgz",
      "integrity": "sha1-SfGL08ZHhm3NpRoHVsFF4UWQzhY=",
      "dev": true,
      "license": "MIT",
      "dependencies": {
        "undici-types": "~7.18.0"
      }
    },
    "node_modules/typescript": {
      "version": "5.9.3",
      "resolved": "https://ms-feed-12.pkgs.visualstudio.com/1es-public/_packaging/npm-public/npm/registry/typescript/-/typescript-5.9.3.tgz",
      "integrity": "sha1-W09Z4VMQqxeiFvXWz1PuR27eZw8=",
      "dev": true,
      "license": "Apache-2.0",
      "bin": {
        "tsc": "bin/tsc",
        "tsserver": "bin/tsserver"
      },
      "engines": {
        "node": ">=14.17"
      }
    },
    "node_modules/undici-types": {
      "version": "7.18.2",
      "resolved": "https://ms-feed-12.pkgs.visualstudio.com/1es-public/_packaging/npm-public/npm/registry/undici-types/-/undici-types-7.18.2.tgz",
      "integrity": "sha1-KTV6iee3ykrvO/D9P9DNc4hCKek=",
      "dev": true,
      "license": "MIT"
    }
  }
}
